{
  "requires": true,
  "lockfileVersion": 1,
  "dependencies": {
    "react-native-safe-area-context": {
      "version": "3.1.9",
      "resolved": "https://registry.npmjs.org/react-native-safe-area-context/-/react-native-safe-area-context-3.1.9.tgz",
      "integrity": "sha512-wmcGbdyE/vBSL5IjDPReoJUEqxkZsywZw5gPwsVUV1NBpw5eTIdnL6Y0uNKHE25Z661moxPHQz6kwAkYQyorxA=="
    }
  }
}
